
Microsoft Visual Studio Solution File, Format Version 12.00
# Visual Studio Version 17
VisualStudioVersion = 17.7.34031.279
MinimumVisualStudioVersion = 10.0.40219.1
Project("{FAE04EC0-301F-11D3-BF4B-00C04F79EFBC}") = "CodeFirstEmp", "CodeFirstEmp\CodeFirstEmp.csproj", "{1FBBAABA-AAF1-460B-867A-A976C0B5DF11}"
EndProject
Global
	GlobalSection(SolutionConfigurationPlatforms) = preSolution
		Debug|Any CPU = Debug|Any CPU
		Release|Any CPU = Release|Any CPU
	EndGlobalSection
	GlobalSection(ProjectConfigurationPlatforms) = postSolution
		{1FBBAABA-AAF1-460B-867A-A976C0B5DF11}.Debug|Any CPU.ActiveCfg = Debug|Any CPU
		{1FBBAABA-AAF1-460B-867A-A976C0B5DF11}.Debug|Any CPU.Build.0 = Debug|Any CPU
		{1FBBAABA-AAF1-460B-867A-A976C0B5DF11}.Release|Any CPU.ActiveCfg = Release|Any CPU
		{1FBBAABA-AAF1-460B-867A-A976C0B5DF11}.Release|Any CPU.Build.0 = Release|Any CPU
	EndGlobalSection
	GlobalSection(SolutionProperties) = preSolution
		HideSolutionNode = FALSE
	EndGlobalSection
	GlobalSection(ExtensibilityGlobals) = postSolution
		SolutionGuid = {555EEBFE-03DC-4C17-8211-696646F4AE6B}
	EndGlobalSection
EndGlobal
